// !$*UTF8*$!
{
	archiveVersion = 1;
	classes = {
	};
	objectVersion = 52;
	objects = {

/* Begin PBXBuildFile section */
		150C8C79229CCFE1004E9B1C /* AppDelegate.m in Sources */ = {isa = PBXBuildFile; fileRef = 150C8C78229CCFE1004E9B1C /* AppDelegate.m */; };
		150C8C7C229CCFE1004E9B1C /* ViewController.m in Sources */ = {isa = PBXBuildFile; fileRef = 150C8C7B229CCFE1004E9B1C /* ViewController.m */; };
		150C8C7F229CCFE1004E9B1C /* Main.storyboard in Resources */ = {isa = PBXBuildFile; fileRef = 150C8C7D229CCFE1004E9B1C /* Main.storyboard */; };
		150C8C81229CCFE3004E9B1C /* Assets.xcassets in Resources */ = {isa = PBXBuildFile; fileRef = 150C8C80229CCFE3004E9B1C /* Assets.xcassets */; };
		150C8C87229CCFE3004E9B1C /* main.m in Sources */ = {isa = PBXBuildFile; fileRef = 150C8C86229CCFE3004E9B1C /* main.m */; };
		153C8AF9229E51A30042CDCE /* SystemConfiguration.framework in Frameworks */ = {isa = PBXBuildFile; fileRef = 153C8AF8229E51A30042CDCE /* SystemConfiguration.framework */; };
		153C8AFB229E51E90042CDCE /* Security.framework in Frameworks */ = {isa = PBXBuildFile; fileRef = 153C8AFA229E51E90042CDCE /* Security.framework */; };
		153C8AFD229E51F00042CDCE /* CoreTelephony.framework in Frameworks */ = {isa = PBXBuildFile; fileRef = 153C8AFC229E51F00042CDCE /* CoreTelephony.framework */; };
		153C8AFF229E51F80042CDCE /* CFNetwork.framework in Frameworks */ = {isa = PBXBuildFile; fileRef = 153C8AFE229E51F80042CDCE /* CFNetwork.framework */; };
		153C8B01229E51FF0042CDCE /* CoreGraphics.framework in Frameworks */ = {isa = PBXBuildFile; fileRef = 153C8B00229E51FF0042CDCE /* CoreGraphics.framework */; };
		153C8B03229E52680042CDCE /* libz.1.dylib in Frameworks */ = {isa = PBXBuildFile; fileRef = 153C8B02229E52680042CDCE /* libz.1.dylib */; };
		153C8B05229E529A0042CDCE /* libsqlite3.dylib in Frameworks */ = {isa = PBXBuildFile; fileRef = 153C8B04229E529A0042CDCE /* libsqlite3.dylib */; };
		153C8B07229E52B80042CDCE /* libc++.1.dylib in Frameworks */ = {isa = PBXBuildFile; fileRef = 153C8B06229E52B80042CDCE /* libc++.1.dylib */; };
		1B302795E9BAA3D1D8848D4A /* libsqlite3.0.tbd in Frameworks */ = {isa = PBXBuildFile; fileRef = FA294665B8769902668284C6 /* libsqlite3.0.tbd */; };
		5F508DD82592E449004A0D64 /* TabFourth.m in Sources */ = {isa = PBXBuildFile; fileRef = 5F508DD72592E449004A0D64 /* TabFourth.m */; };
		5FC66B5F2589E23200312A87 /* TabFirst.m in Sources */ = {isa = PBXBuildFile; fileRef = 5FC66B5E2589E23200312A87 /* TabFirst.m */; };
		5FC66B622589E24B00312A87 /* TabSecond.m in Sources */ = {isa = PBXBuildFile; fileRef = 5FC66B612589E24B00312A87 /* TabSecond.m */; };
		5FC66B652589E26300312A87 /* TabThird.m in Sources */ = {isa = PBXBuildFile; fileRef = 5FC66B642589E26300312A87 /* TabThird.m */; };
		7203E9202737CEDFEEEE7EDF /* libz.tbd in Frameworks */ = {isa = PBXBuildFile; fileRef = 6F09527A495DDA11A1F04ACC /* libz.tbd */; };
		86E6256E8E67C42972C118FE /* CoreData.framework in Frameworks */ = {isa = PBXBuildFile; fileRef = 87E9D2D3CD22548864D7AD65 /* CoreData.framework */; };
		C1768C51FA255861232FAD4E /* UserNotifications.framework in Frameworks */ = {isa = PBXBuildFile; fileRef = 7E72312FEAAADACE7BEDD158 /* UserNotifications.framework */; };
		E12E18822FEA93F84048527B /* Pods_yzExpoIOS.framework in Frameworks */ = {isa = PBXBuildFile; fileRef = 5E56D2C46661C510B4EF7CDE /* Pods_yzExpoIOS.framework */; };
		FE2357E625C7FEC4008C8280 /* BaseViewController.m in Sources */ = {isa = PBXBuildFile; fileRef = FE2357E525C7FEC4008C8280 /* BaseViewController.m */; };
		FE2357ED25C80037008C8280 /* AudioCallViewController.m in Sources */ = {isa = PBXBuildFile; fileRef = FE2357EB25C80037008C8280 /* AudioCallViewController.m */; };
		FE2358B925CA9594008C8280 /* CallUtil.m in Sources */ = {isa = PBXBuildFile; fileRef = FE2358B825CA9594008C8280 /* CallUtil.m */; };
		FE2358C325CCDE41008C8280 /* AudioCallViewController.xib in Resources */ = {isa = PBXBuildFile; fileRef = FE2358C225CCDE41008C8280 /* AudioCallViewController.xib */; };
		FE2358C925CE6CA8008C8280 /* VideoCallViewController.m in Sources */ = {isa = PBXBuildFile; fileRef = FE2358C825CE6CA8008C8280 /* VideoCallViewController.m */; };
		FE2358E025CE8D66008C8280 /* Bugly.framework in Frameworks */ = {isa = PBXBuildFile; fileRef = FE7FBD81259ABBFE00AB45FD /* Bugly.framework */; };
		FE2358F725CF7A6E008C8280 /* CallKit.framework in Frameworks */ = {isa = PBXBuildFile; fileRef = FE2358F525CF7A29008C8280 /* CallKit.framework */; };
		FE2358F825CF7A73008C8280 /* PushKit.framework in Frameworks */ = {isa = PBXBuildFile; fileRef = FE2358F625CF7A35008C8280 /* PushKit.framework */; };
		FE2358FC25CF8996008C8280 /* UIView+Toast.m in Sources */ = {isa = PBXBuildFile; fileRef = FE2358FB25CF8996008C8280 /* UIView+Toast.m */; };
		FE2DFFDB25EC95A7006FF01F /* ScPoc.framework in Frameworks */ = {isa = PBXBuildFile; fileRef = FE2DFFDA25EC95A7006FF01F /* ScPoc.framework */; };
		FE50798E25FEF6850013FFCB /* LoginViewController.m in Sources */ = {isa = PBXBuildFile; fileRef = FE50798D25FEF6850013FFCB /* LoginViewController.m */; };
		FE50799025FF09700013FFCB /* TPNSInAppMessage.framework in Frameworks */ = {isa = PBXBuildFile; fileRef = FE50798F25FF09700013FFCB /* TPNSInAppMessage.framework */; };
		FE50799225FF09CA0013FFCB /* libXG-SDK-Cloud.a in Frameworks */ = {isa = PBXBuildFile; fileRef = 49AC2C28E49FA7AC42C85BDE /* libXG-SDK-Cloud.a */; };
		FE50799325FF09EC0013FFCB /* XGMTACloud.framework in Frameworks */ = {isa = PBXBuildFile; fileRef = D8EBB7233C16C94802477FD3 /* XGMTACloud.framework */; };
		FE7FBA52259727D500AB45FD /* ConversationModel.m in Sources */ = {isa = PBXBuildFile; fileRef = FE7FBA51259727D500AB45FD /* ConversationModel.m */; };
		FE94951726088DE8004D2327 /* HttpManager.m in Sources */ = {isa = PBXBuildFile; fileRef = FE94951626088DE8004D2327 /* HttpManager.m */; };
		FE999C41260098E5003F2239 /* ScPoc.xcframework in Frameworks */ = {isa = PBXBuildFile; fileRef = FE4B4C5925F5F7D300409335 /* ScPoc.xcframework */; };
		FE999C42260098E5003F2239 /* ScPoc.xcframework in Embed Frameworks */ = {isa = PBXBuildFile; fileRef = FE4B4C5925F5F7D300409335 /* ScPoc.xcframework */; settings = {ATTRIBUTES = (CodeSignOnCopy, RemoveHeadersOnCopy, ); }; };
		FE999C4D2602EF04003F2239 /* FaceLoginViewController.m in Sources */ = {isa = PBXBuildFile; fileRef = FE999C4C2602EF04003F2239 /* FaceLoginViewController.m */; };
		FE999C5126083C6D003F2239 /* UserModel.m in Sources */ = {isa = PBXBuildFile; fileRef = FE999C5026083C6C003F2239 /* UserModel.m */; };
		FEA3EB312621EFCC00873539 /* VideoMeetingCollectionViewCell.m in Sources */ = {isa = PBXBuildFile; fileRef = FEA3EB302621EFCC00873539 /* VideoMeetingCollectionViewCell.m */; };
		FEA8AB0E26155A4E006EDE41 /* CoreLocation.framework in Frameworks */ = {isa = PBXBuildFile; fileRef = FEA8AB0D26155A4D006EDE41 /* CoreLocation.framework */; };
		FEB4FBFA2615A65B000C242C /* WebViewController.m in Sources */ = {isa = PBXBuildFile; fileRef = FEB4FBF92615A65B000C242C /* WebViewController.m */; };
		FEB4FBFD261C460E000C242C /* AudioMeetingViewController.m in Sources */ = {isa = PBXBuildFile; fileRef = FEB4FBFC261C460E000C242C /* AudioMeetingViewController.m */; };
		FED31A23262037C500E82B52 /* VideoMeetingViewController.m in Sources */ = {isa = PBXBuildFile; fileRef = FED31A22262037C500E82B52 /* VideoMeetingViewController.m */; };
		FED31A262620413C00E82B52 /* MeetingMember.m in Sources */ = {isa = PBXBuildFile; fileRef = FED31A252620413C00E82B52 /* MeetingMember.m */; };
		FED31A38262051C300E82B52 /* AudioMeetingCollectionViewCell.m in Sources */ = {isa = PBXBuildFile; fileRef = FED31A37262051C300E82B52 /* AudioMeetingCollectionViewCell.m */; };
		FED31A3B2621529200E82B52 /* MeetingModel.m in Sources */ = {isa = PBXBuildFile; fileRef = FED31A3A2621529200E82B52 /* MeetingModel.m */; };
/* End PBXBuildFile section */

/* Begin PBXCopyFilesBuildPhase section */
		FE999C43260098E5003F2239 /* Embed Frameworks */ = {
			isa = PBXCopyFilesBuildPhase;
			buildActionMask = 2147483647;
			dstPath = "";
			dstSubfolderSpec = 10;
			files = (
				FE999C42260098E5003F2239 /* ScPoc.xcframework in Embed Frameworks */,
			);
			name = "Embed Frameworks";
			runOnlyForDeploymentPostprocessing = 0;
		};
/* End PBXCopyFilesBuildPhase section */

/* Begin PBXFileReference section */
		150C8C74229CCFE1004E9B1C /* 扬州世园会.app */ = {isa = PBXFileReference; explicitFileType = wrapper.application; includeInIndex = 0; path = "扬州世园会.app"; sourceTree = BUILT_PRODUCTS_DIR; };
		150C8C77229CCFE1004E9B1C /* AppDelegate.h */ = {isa = PBXFileReference; lastKnownFileType = sourcecode.c.h; path = AppDelegate.h; sourceTree = "<group>"; };
		150C8C78229CCFE1004E9B1C /* AppDelegate.m */ = {isa = PBXFileReference; lastKnownFileType = sourcecode.c.objc; path = AppDelegate.m; sourceTree = "<group>"; };
		150C8C7A229CCFE1004E9B1C /* ViewController.h */ = {isa = PBXFileReference; lastKnownFileType = sourcecode.c.h; path = ViewController.h; sourceTree = "<group>"; };
		150C8C7B229CCFE1004E9B1C /* ViewController.m */ = {isa = PBXFileReference; lastKnownFileType = sourcecode.c.objc; path = ViewController.m; sourceTree = "<group>"; };
		150C8C7E229CCFE1004E9B1C /* Base */ = {isa = PBXFileReference; lastKnownFileType = file.storyboard; name = Base; path = Base.lproj/Main.storyboard; sourceTree = "<group>"; };
		150C8C80229CCFE3004E9B1C /* Assets.xcassets */ = {isa = PBXFileReference; lastKnownFileType = folder.assetcatalog; path = Assets.xcassets; sourceTree = "<group>"; };
		150C8C85229CCFE3004E9B1C /* Info.plist */ = {isa = PBXFileReference; lastKnownFileType = text.plist.xml; path = Info.plist; sourceTree = "<group>"; };
		150C8C86229CCFE3004E9B1C /* main.m */ = {isa = PBXFileReference; lastKnownFileType = sourcecode.c.objc; path = main.m; sourceTree = "<group>"; };
		150C8CAA229CD089004E9B1C /* Constants.h */ = {isa = PBXFileReference; lastKnownFileType = sourcecode.c.h; path = Constants.h; sourceTree = "<group>"; };
		153C8AF8229E51A30042CDCE /* SystemConfiguration.framework */ = {isa = PBXFileReference; lastKnownFileType = wrapper.framework; name = SystemConfiguration.framework; path = System/Library/Frameworks/SystemConfiguration.framework; sourceTree = SDKROOT; };
		153C8AFA229E51E90042CDCE /* Security.framework */ = {isa = PBXFileReference; lastKnownFileType = wrapper.framework; name = Security.framework; path = System/Library/Frameworks/Security.framework; sourceTree = SDKROOT; };
		153C8AFC229E51F00042CDCE /* CoreTelephony.framework */ = {isa = PBXFileReference; lastKnownFileType = wrapper.framework; name = CoreTelephony.framework; path = System/Library/Frameworks/CoreTelephony.framework; sourceTree = SDKROOT; };
		153C8AFE229E51F80042CDCE /* CFNetwork.framework */ = {isa = PBXFileReference; lastKnownFileType = wrapper.framework; name = CFNetwork.framework; path = System/Library/Frameworks/CFNetwork.framework; sourceTree = SDKROOT; };
		153C8B00229E51FF0042CDCE /* CoreGraphics.framework */ = {isa = PBXFileReference; lastKnownFileType = wrapper.framework; name = CoreGraphics.framework; path = System/Library/Frameworks/CoreGraphics.framework; sourceTree = SDKROOT; };
		153C8B02229E52680042CDCE /* libz.1.dylib */ = {isa = PBXFileReference; lastKnownFileType = "compiled.mach-o.dylib"; name = libz.1.dylib; path = ../../../../../../../../usr/lib/libz.1.dylib; sourceTree = "<group>"; };
		153C8B04229E529A0042CDCE /* libsqlite3.dylib */ = {isa = PBXFileReference; lastKnownFileType = "compiled.mach-o.dylib"; name = libsqlite3.dylib; path = ../../../../../../../../usr/lib/libsqlite3.dylib; sourceTree = "<group>"; };
		153C8B06229E52B80042CDCE /* libc++.1.dylib */ = {isa = PBXFileReference; lastKnownFileType = "compiled.mach-o.dylib"; name = "libc++.1.dylib"; path = "../../../../../../../../usr/lib/libc++.1.dylib"; sourceTree = "<group>"; };
		1B6455F3F8932648CC0C29B9 /* XGPush.h */ = {isa = PBXFileReference; fileEncoding = 4; lastKnownFileType = sourcecode.c.h; path = XGPush.h; sourceTree = "<group>"; };
		20842B358AE5EBDEFB863FFA /* libPods-ImoocHybridIOSNativeUITests.a */ = {isa = PBXFileReference; explicitFileType = archive.ar; includeInIndex = 0; path = "libPods-ImoocHybridIOSNativeUITests.a"; sourceTree = BUILT_PRODUCTS_DIR; };
		4066EDD88CD328CABB078DEA /* NotificationService.m */ = {isa = PBXFileReference; fileEncoding = 4; lastKnownFileType = sourcecode.c.objc; path = NotificationService.m; sourceTree = "<group>"; };
		49AC2C28E49FA7AC42C85BDE /* libXG-SDK-Cloud.a */ = {isa = PBXFileReference; fileEncoding = 4; lastKnownFileType = archive.ar; path = "libXG-SDK-Cloud.a"; sourceTree = "<group>"; };
		5AA31254435F9C8A7988414C /* libPods-ImoocHybridIOSNativeTests.a */ = {isa = PBXFileReference; explicitFileType = archive.ar; includeInIndex = 0; path = "libPods-ImoocHybridIOSNativeTests.a"; sourceTree = BUILT_PRODUCTS_DIR; };
		5E56D2C46661C510B4EF7CDE /* Pods_yzExpoIOS.framework */ = {isa = PBXFileReference; explicitFileType = wrapper.framework; includeInIndex = 0; path = Pods_yzExpoIOS.framework; sourceTree = BUILT_PRODUCTS_DIR; };
		5EC359C4EAFE66DFC29B8B17 /* libXGExtension.a */ = {isa = PBXFileReference; fileEncoding = 4; lastKnownFileType = archive.ar; path = libXGExtension.a; sourceTree = "<group>"; };
		5F508DD62592E449004A0D64 /* TabFourth.h */ = {isa = PBXFileReference; lastKnownFileType = sourcecode.c.h; path = TabFourth.h; sourceTree = "<group>"; };
		5F508DD72592E449004A0D64 /* TabFourth.m */ = {isa = PBXFileReference; lastKnownFileType = sourcecode.c.objc; path = TabFourth.m; sourceTree = "<group>"; };
		5FC66B5D2589E23200312A87 /* TabFirst.h */ = {isa = PBXFileReference; lastKnownFileType = sourcecode.c.h; path = TabFirst.h; sourceTree = "<group>"; };
		5FC66B5E2589E23200312A87 /* TabFirst.m */ = {isa = PBXFileReference; lastKnownFileType = sourcecode.c.objc; path = TabFirst.m; sourceTree = "<group>"; };
		5FC66B602589E24B00312A87 /* TabSecond.h */ = {isa = PBXFileReference; lastKnownFileType = sourcecode.c.h; path = TabSecond.h; sourceTree = "<group>"; };
		5FC66B612589E24B00312A87 /* TabSecond.m */ = {isa = PBXFileReference; lastKnownFileType = sourcecode.c.objc; path = TabSecond.m; sourceTree = "<group>"; };
		5FC66B632589E26300312A87 /* TabThird.h */ = {isa = PBXFileReference; lastKnownFileType = sourcecode.c.h; path = TabThird.h; sourceTree = "<group>"; };
		5FC66B642589E26300312A87 /* TabThird.m */ = {isa = PBXFileReference; lastKnownFileType = sourcecode.c.objc; path = TabThird.m; sourceTree = "<group>"; };
		6362B691BEB1D9049123E57F /* XGExtension.h */ = {isa = PBXFileReference; fileEncoding = 4; lastKnownFileType = sourcecode.c.h; path = XGExtension.h; sourceTree = "<group>"; };
		6F09527A495DDA11A1F04ACC /* libz.tbd */ = {isa = PBXFileReference; fileEncoding = 4; lastKnownFileType = "sourcecode.text-based-dylib-definition"; name = libz.tbd; path = /Applications/Xcode.app/Contents/Developer/Platforms/iPhoneOS.platform/Developer/SDKs/iPhoneOS.sdk/usr/lib/libz.tbd; sourceTree = "<group>"; };
		7CE8995A8880F7F2A1DB3E49 /* XGPushPrivate.h */ = {isa = PBXFileReference; fileEncoding = 4; lastKnownFileType = sourcecode.c.h; path = XGPushPrivate.h; sourceTree = "<group>"; };
		7E72312FEAAADACE7BEDD158 /* UserNotifications.framework */ = {isa = PBXFileReference; fileEncoding = 4; lastKnownFileType = wrapper.framework; name = UserNotifications.framework; path = /Applications/Xcode.app/Contents/Developer/Platforms/iPhoneOS.platform/Developer/SDKs/iPhoneOS.sdk/System/Library/Frameworks/UserNotifications.framework; sourceTree = "<group>"; };
		83434C7CB47C217A925B2116 /* NotificationService.h */ = {isa = PBXFileReference; fileEncoding = 4; lastKnownFileType = sourcecode.c.h; path = NotificationService.h; sourceTree = "<group>"; };
		87E9D2D3CD22548864D7AD65 /* CoreData.framework */ = {isa = PBXFileReference; fileEncoding = 4; lastKnownFileType = wrapper.framework; name = CoreData.framework; path = /Applications/Xcode.app/Contents/Developer/Platforms/iPhoneOS.platform/Developer/SDKs/iPhoneOS.sdk/System/Library/Frameworks/CoreData.framework; sourceTree = "<group>"; };
		AC197A02A87A51A939546251 /* Info.plist */ = {isa = PBXFileReference; fileEncoding = 4; lastKnownFileType = text.plist.strings; path = Info.plist; sourceTree = "<group>"; };
		C1C4BD8592D7378F2E50805E /* Pods-yzExpoIOS.release.xcconfig */ = {isa = PBXFileReference; includeInIndex = 1; lastKnownFileType = text.xcconfig; name = "Pods-yzExpoIOS.release.xcconfig"; path = "Target Support Files/Pods-yzExpoIOS/Pods-yzExpoIOS.release.xcconfig"; sourceTree = "<group>"; };
		D8EBB7233C16C94802477FD3 /* XGMTACloud.framework */ = {isa = PBXFileReference; fileEncoding = 4; lastKnownFileType = wrapper.framework; name = XGMTACloud.framework; path = /Users/bonustrack/XcodeProjects/yzExpoIOS/TPNS/XGMTACloud.framework; sourceTree = "<group>"; };
		FA294665B8769902668284C6 /* libsqlite3.0.tbd */ = {isa = PBXFileReference; fileEncoding = 4; lastKnownFileType = "sourcecode.text-based-dylib-definition"; name = libsqlite3.0.tbd; path = /Applications/Xcode.app/Contents/Developer/Platforms/iPhoneOS.platform/Developer/SDKs/iPhoneOS.sdk/usr/lib/libsqlite3.0.tbd; sourceTree = "<group>"; };
		FE23579725C7A585008C8280 /* yzExpoIOS.entitlements */ = {isa = PBXFileReference; fileEncoding = 4; lastKnownFileType = text.plist.entitlements; path = yzExpoIOS.entitlements; sourceTree = "<group>"; };
		FE2357E425C7FEC4008C8280 /* BaseViewController.h */ = {isa = PBXFileReference; lastKnownFileType = sourcecode.c.h; path = BaseViewController.h; sourceTree = "<group>"; };
		FE2357E525C7FEC4008C8280 /* BaseViewController.m */ = {isa = PBXFileReference; lastKnownFileType = sourcecode.c.objc; path = BaseViewController.m; sourceTree = "<group>"; };
		FE2357EA25C80037008C8280 /* AudioCallViewController.h */ = {isa = PBXFileReference; lastKnownFileType = sourcecode.c.h; path = AudioCallViewController.h; sourceTree = "<group>"; };
		FE2357EB25C80037008C8280 /* AudioCallViewController.m */ = {isa = PBXFileReference; lastKnownFileType = sourcecode.c.objc; path = AudioCallViewController.m; sourceTree = "<group>"; };
		FE2358B725CA9594008C8280 /* CallUtil.h */ = {isa = PBXFileReference; lastKnownFileType = sourcecode.c.h; path = CallUtil.h; sourceTree = "<group>"; };
		FE2358B825CA9594008C8280 /* CallUtil.m */ = {isa = PBXFileReference; lastKnownFileType = sourcecode.c.objc; path = CallUtil.m; sourceTree = "<group>"; };
		FE2358C225CCDE41008C8280 /* AudioCallViewController.xib */ = {isa = PBXFileReference; fileEncoding = 4; lastKnownFileType = file.xib; path = AudioCallViewController.xib; sourceTree = "<group>"; };
		FE2358C725CE6CA7008C8280 /* VideoCallViewController.h */ = {isa = PBXFileReference; lastKnownFileType = sourcecode.c.h; path = VideoCallViewController.h; sourceTree = "<group>"; };
		FE2358C825CE6CA8008C8280 /* VideoCallViewController.m */ = {isa = PBXFileReference; lastKnownFileType = sourcecode.c.objc; path = VideoCallViewController.m; sourceTree = "<group>"; };
		FE2358F525CF7A29008C8280 /* CallKit.framework */ = {isa = PBXFileReference; lastKnownFileType = wrapper.framework; name = CallKit.framework; path = System/Library/Frameworks/CallKit.framework; sourceTree = SDKROOT; };
		FE2358F625CF7A35008C8280 /* PushKit.framework */ = {isa = PBXFileReference; lastKnownFileType = wrapper.framework; name = PushKit.framework; path = System/Library/Frameworks/PushKit.framework; sourceTree = SDKROOT; };
		FE2358FA25CF8996008C8280 /* UIView+Toast.h */ = {isa = PBXFileReference; lastKnownFileType = sourcecode.c.h; path = "UIView+Toast.h"; sourceTree = "<group>"; };
		FE2358FB25CF8996008C8280 /* UIView+Toast.m */ = {isa = PBXFileReference; lastKnownFileType = sourcecode.c.objc; path = "UIView+Toast.m"; sourceTree = "<group>"; };
		FE2DFFDA25EC95A7006FF01F /* ScPoc.framework */ = {isa = PBXFileReference; lastKnownFileType = wrapper.framework; name = ScPoc.framework; path = "../../Library/Developer/Xcode/DerivedData/yzExpoIOS-cetntlaslizrjzbialxwrdrppcbg/Build/Products/Release-iphoneos/ScPoc.framework"; sourceTree = "<group>"; };
		FE4B4C5925F5F7D300409335 /* ScPoc.xcframework */ = {isa = PBXFileReference; lastKnownFileType = wrapper.xcframework; path = ScPoc.xcframework; sourceTree = "<group>"; };
		FE50798C25FEF6850013FFCB /* LoginViewController.h */ = {isa = PBXFileReference; lastKnownFileType = sourcecode.c.h; path = LoginViewController.h; sourceTree = "<group>"; };
		FE50798D25FEF6850013FFCB /* LoginViewController.m */ = {isa = PBXFileReference; lastKnownFileType = sourcecode.c.objc; path = LoginViewController.m; sourceTree = "<group>"; };
		FE50798F25FF09700013FFCB /* TPNSInAppMessage.framework */ = {isa = PBXFileReference; lastKnownFileType = wrapper.framework; name = TPNSInAppMessage.framework; path = TPNS/InAppMessage/TPNSInAppMessage.framework; sourceTree = "<group>"; };
		FE7FBA462597229D00AB45FD /* ReactiveView.h */ = {isa = PBXFileReference; lastKnownFileType = sourcecode.c.h; path = ReactiveView.h; sourceTree = "<group>"; };
		FE7FBA50259727D500AB45FD /* ConversationModel.h */ = {isa = PBXFileReference; lastKnownFileType = sourcecode.c.h; path = ConversationModel.h; sourceTree = "<group>"; };
		FE7FBA51259727D500AB45FD /* ConversationModel.m */ = {isa = PBXFileReference; lastKnownFileType = sourcecode.c.objc; path = ConversationModel.m; sourceTree = "<group>"; };
		FE7FBD81259ABBFE00AB45FD /* Bugly.framework */ = {isa = PBXFileReference; lastKnownFileType = wrapper.framework; path = Bugly.framework; sourceTree = "<group>"; };
		FE7FBDDC259ACEC100AB45FD /* GenerateTestUserSig.h */ = {isa = PBXFileReference; fileEncoding = 4; lastKnownFileType = sourcecode.c.h; name = GenerateTestUserSig.h; path = ../../../TIMSDK/iOS/TUIKitDemo/TUIKitDemo/Debug/GenerateTestUserSig.h; sourceTree = "<group>"; };
		FE7FBDDD259ACEC100AB45FD /* GenerateTestUserSig.m */ = {isa = PBXFileReference; fileEncoding = 4; lastKnownFileType = sourcecode.c.objc; name = GenerateTestUserSig.m; path = ../../../TIMSDK/iOS/TUIKitDemo/TUIKitDemo/Debug/GenerateTestUserSig.m; sourceTree = "<group>"; };
		FE94951526088DE8004D2327 /* HttpManager.h */ = {isa = PBXFileReference; lastKnownFileType = sourcecode.c.h; path = HttpManager.h; sourceTree = "<group>"; };
		FE94951626088DE8004D2327 /* HttpManager.m */ = {isa = PBXFileReference; lastKnownFileType = sourcecode.c.objc; path = HttpManager.m; sourceTree = "<group>"; };
		FE999C4B2602EF04003F2239 /* FaceLoginViewController.h */ = {isa = PBXFileReference; lastKnownFileType = sourcecode.c.h; path = FaceLoginViewController.h; sourceTree = "<group>"; };
		FE999C4C2602EF04003F2239 /* FaceLoginViewController.m */ = {isa = PBXFileReference; lastKnownFileType = sourcecode.c.objc; path = FaceLoginViewController.m; sourceTree = "<group>"; };
		FE999C4F26083C6C003F2239 /* UserModel.h */ = {isa = PBXFileReference; lastKnownFileType = sourcecode.c.h; path = UserModel.h; sourceTree = "<group>"; };
		FE999C5026083C6C003F2239 /* UserModel.m */ = {isa = PBXFileReference; lastKnownFileType = sourcecode.c.objc; path = UserModel.m; sourceTree = "<group>"; };
		FEA3EB2F2621EFCC00873539 /* VideoMeetingCollectionViewCell.h */ = {isa = PBXFileReference; lastKnownFileType = sourcecode.c.h; path = VideoMeetingCollectionViewCell.h; sourceTree = "<group>"; };
		FEA3EB302621EFCC00873539 /* VideoMeetingCollectionViewCell.m */ = {isa = PBXFileReference; lastKnownFileType = sourcecode.c.objc; path = VideoMeetingCollectionViewCell.m; sourceTree = "<group>"; };
		FEA8AB0D26155A4D006EDE41 /* CoreLocation.framework */ = {isa = PBXFileReference; lastKnownFileType = wrapper.framework; name = CoreLocation.framework; path = System/Library/Frameworks/CoreLocation.framework; sourceTree = SDKROOT; };
		FEB4FBF82615A65B000C242C /* WebViewController.h */ = {isa = PBXFileReference; lastKnownFileType = sourcecode.c.h; path = WebViewController.h; sourceTree = "<group>"; };
		FEB4FBF92615A65B000C242C /* WebViewController.m */ = {isa = PBXFileReference; lastKnownFileType = sourcecode.c.objc; path = WebViewController.m; sourceTree = "<group>"; };
		FEB4FBFB261C460E000C242C /* AudioMeetingViewController.h */ = {isa = PBXFileReference; lastKnownFileType = sourcecode.c.h; path = AudioMeetingViewController.h; sourceTree = "<group>"; };
		FEB4FBFC261C460E000C242C /* AudioMeetingViewController.m */ = {isa = PBXFileReference; lastKnownFileType = sourcecode.c.objc; path = AudioMeetingViewController.m; sourceTree = "<group>"; };
		FEBB350E25DFCADF00C41A7B /* libc++.tbd */ = {isa = PBXFileReference; lastKnownFileType = "sourcecode.text-based-dylib-definition"; name = "libc++.tbd"; path = "usr/lib/libc++.tbd"; sourceTree = SDKROOT; };
		FED31A21262037C500E82B52 /* VideoMeetingViewController.h */ = {isa = PBXFileReference; lastKnownFileType = sourcecode.c.h; path = VideoMeetingViewController.h; sourceTree = "<group>"; };
		FED31A22262037C500E82B52 /* VideoMeetingViewController.m */ = {isa = PBXFileReference; lastKnownFileType = sourcecode.c.objc; path = VideoMeetingViewController.m; sourceTree = "<group>"; };
		FED31A242620413B00E82B52 /* MeetingMember.h */ = {isa = PBXFileReference; fileEncoding = 4; lastKnownFileType = sourcecode.c.h; path = MeetingMember.h; sourceTree = "<group>"; };
		FED31A252620413C00E82B52 /* MeetingMember.m */ = {isa = PBXFileReference; fileEncoding = 4; lastKnownFileType = sourcecode.c.objc; path = MeetingMember.m; sourceTree = "<group>"; };
		FED31A36262051C300E82B52 /* AudioMeetingCollectionViewCell.h */ = {isa = PBXFileReference; lastKnownFileType = sourcecode.c.h; path = AudioMeetingCollectionViewCell.h; sourceTree = "<group>"; };
		FED31A37262051C300E82B52 /* AudioMeetingCollectionViewCell.m */ = {isa = PBXFileReference; lastKnownFileType = sourcecode.c.objc; path = AudioMeetingCollectionViewCell.m; sourceTree = "<group>"; };
		FED31A392621529200E82B52 /* MeetingModel.h */ = {isa = PBXFileReference; lastKnownFileType = sourcecode.c.h; path = MeetingModel.h; sourceTree = "<group>"; };
		FED31A3A2621529200E82B52 /* MeetingModel.m */ = {isa = PBXFileReference; lastKnownFileType = sourcecode.c.objc; path = MeetingModel.m; sourceTree = "<group>"; };
/* End PBXFileReference section */

/* Begin PBXFrameworksBuildPhase section */
		150C8C71229CCFE1004E9B1C /* Frameworks */ = {
			isa = PBXFrameworksBuildPhase;
			buildActionMask = 2147483647;
			files = (
				FEA8AB0E26155A4E006EDE41 /* CoreLocation.framework in Frameworks */,
				FE50799325FF09EC0013FFCB /* XGMTACloud.framework in Frameworks */,
				153C8B07229E52B80042CDCE /* libc++.1.dylib in Frameworks */,
				153C8B05229E529A0042CDCE /* libsqlite3.dylib in Frameworks */,
				153C8B03229E52680042CDCE /* libz.1.dylib in Frameworks */,
				153C8B01229E51FF0042CDCE /* CoreGraphics.framework in Frameworks */,
				FE2358F825CF7A73008C8280 /* PushKit.framework in Frameworks */,
				FE2358E025CE8D66008C8280 /* Bugly.framework in Frameworks */,
				153C8AFF229E51F80042CDCE /* CFNetwork.framework in Frameworks */,
				FE50799225FF09CA0013FFCB /* libXG-SDK-Cloud.a in Frameworks */,
				FE2DFFDB25EC95A7006FF01F /* ScPoc.framework in Frameworks */,
				FE999C41260098E5003F2239 /* ScPoc.xcframework in Frameworks */,
				153C8AFD229E51F00042CDCE /* CoreTelephony.framework in Frameworks */,
				FE2358F725CF7A6E008C8280 /* CallKit.framework in Frameworks */,
				153C8AFB229E51E90042CDCE /* Security.framework in Frameworks */,
				153C8AF9229E51A30042CDCE /* SystemConfiguration.framework in Frameworks */,
				E12E18822FEA93F84048527B /* Pods_yzExpoIOS.framework in Frameworks */,
				7203E9202737CEDFEEEE7EDF /* libz.tbd in Frameworks */,
				1B302795E9BAA3D1D8848D4A /* libsqlite3.0.tbd in Frameworks */,
				C1768C51FA255861232FAD4E /* UserNotifications.framework in Frameworks */,
				86E6256E8E67C42972C118FE /* CoreData.framework in Frameworks */,
				FE50799025FF09700013FFCB /* TPNSInAppMessage.framework in Frameworks */,
			);
			runOnlyForDeploymentPostprocessing = 0;
		};
/* End PBXFrameworksBuildPhase section */

/* Begin PBXGroup section */
		150C8C6B229CCFE0004E9B1C = {
			isa = PBXGroup;
			children = (
				FE2357A325C7ACA4008C8280 /* ScPoc */,
				150C8C76229CCFE1004E9B1C /* yzExpoIOS */,
				150C8C75229CCFE1004E9B1C /* Products */,
				2769C1D52D81F1288D212326 /* Frameworks */,
				3F23B9BFAE9C40F60717A06D /* Pods */,
				260E36DA864D1F2326156EE7 /* TPNS */,
				45D1595F51DD25A85FB79F09 /* TPNSService */,
			);
			sourceTree = "<group>";
		};
		150C8C75229CCFE1004E9B1C /* Products */ = {
			isa = PBXGroup;
			children = (
				150C8C74229CCFE1004E9B1C /* 扬州世园会.app */,
			);
			name = Products;
			sourceTree = "<group>";
		};
		150C8C76229CCFE1004E9B1C /* yzExpoIOS */ = {
			isa = PBXGroup;
			children = (
				FE94951426088DC1004D2327 /* manager */,
				FE2358F925CF86D9008C8280 /* Category */,
				FE23579725C7A585008C8280 /* yzExpoIOS.entitlements */,
				FE7FBDDB259ACEA400AB45FD /* Debug */,
				FE7FBA4C2597278E00AB45FD /* Models */,
				FE7FBA472597273600AB45FD /* Controllers */,
				FE7FBA452597224C00AB45FD /* Utils */,
				FE7FBA392596E63800AB45FD /* Views */,
				150C8CA9229CD06E004E9B1C /* 常量 */,
				150C8C77229CCFE1004E9B1C /* AppDelegate.h */,
				150C8C78229CCFE1004E9B1C /* AppDelegate.m */,
				150C8C7A229CCFE1004E9B1C /* ViewController.h */,
				150C8C7B229CCFE1004E9B1C /* ViewController.m */,
				150C8C7D229CCFE1004E9B1C /* Main.storyboard */,
				150C8C80229CCFE3004E9B1C /* Assets.xcassets */,
				150C8C85229CCFE3004E9B1C /* Info.plist */,
				150C8C86229CCFE3004E9B1C /* main.m */,
				5FC66B5D2589E23200312A87 /* TabFirst.h */,
				5FC66B5E2589E23200312A87 /* TabFirst.m */,
				5FC66B602589E24B00312A87 /* TabSecond.h */,
				5FC66B612589E24B00312A87 /* TabSecond.m */,
				5FC66B632589E26300312A87 /* TabThird.h */,
				5FC66B642589E26300312A87 /* TabThird.m */,
				5F508DD62592E449004A0D64 /* TabFourth.h */,
				5F508DD72592E449004A0D64 /* TabFourth.m */,
			);
			path = yzExpoIOS;
			sourceTree = "<group>";
		};
		150C8CA9229CD06E004E9B1C /* 常量 */ = {
			isa = PBXGroup;
			children = (
				150C8CAA229CD089004E9B1C /* Constants.h */,
			);
			path = "常量";
			sourceTree = "<group>";
		};
		260E36DA864D1F2326156EE7 /* TPNS */ = {
			isa = PBXGroup;
			children = (
				49AC2C28E49FA7AC42C85BDE /* libXG-SDK-Cloud.a */,
				1B6455F3F8932648CC0C29B9 /* XGPush.h */,
				7CE8995A8880F7F2A1DB3E49 /* XGPushPrivate.h */,
			);
			path = TPNS;
			sourceTree = "<group>";
		};
		2769C1D52D81F1288D212326 /* Frameworks */ = {
			isa = PBXGroup;
			children = (
				FEA8AB0D26155A4D006EDE41 /* CoreLocation.framework */,
				FE50798F25FF09700013FFCB /* TPNSInAppMessage.framework */,
				FE2DFFDA25EC95A7006FF01F /* ScPoc.framework */,
				FEBB350E25DFCADF00C41A7B /* libc++.tbd */,
				FE2358F525CF7A29008C8280 /* CallKit.framework */,
				FE2358F625CF7A35008C8280 /* PushKit.framework */,
				FE7FBD81259ABBFE00AB45FD /* Bugly.framework */,
				153C8B06229E52B80042CDCE /* libc++.1.dylib */,
				153C8B04229E529A0042CDCE /* libsqlite3.dylib */,
				153C8B02229E52680042CDCE /* libz.1.dylib */,
				153C8B00229E51FF0042CDCE /* CoreGraphics.framework */,
				153C8AFE229E51F80042CDCE /* CFNetwork.framework */,
				153C8AFC229E51F00042CDCE /* CoreTelephony.framework */,
				153C8AFA229E51E90042CDCE /* Security.framework */,
				153C8AF8229E51A30042CDCE /* SystemConfiguration.framework */,
				5AA31254435F9C8A7988414C /* libPods-ImoocHybridIOSNativeTests.a */,
				20842B358AE5EBDEFB863FFA /* libPods-ImoocHybridIOSNativeUITests.a */,
				5E56D2C46661C510B4EF7CDE /* Pods_yzExpoIOS.framework */,
				6F09527A495DDA11A1F04ACC /* libz.tbd */,
				FA294665B8769902668284C6 /* libsqlite3.0.tbd */,
				7E72312FEAAADACE7BEDD158 /* UserNotifications.framework */,
				87E9D2D3CD22548864D7AD65 /* CoreData.framework */,
				D8EBB7233C16C94802477FD3 /* XGMTACloud.framework */,
			);
			name = Frameworks;
			sourceTree = "<group>";
		};
		3F23B9BFAE9C40F60717A06D /* Pods */ = {
			isa = PBXGroup;
			children = (
				C1C4BD8592D7378F2E50805E /* Pods-yzExpoIOS.release.xcconfig */,
			);
			path = Pods;
			sourceTree = "<group>";
		};
		45D1595F51DD25A85FB79F09 /* TPNSService */ = {
			isa = PBXGroup;
			children = (
				AC197A02A87A51A939546251 /* Info.plist */,
				83434C7CB47C217A925B2116 /* NotificationService.h */,
				4066EDD88CD328CABB078DEA /* NotificationService.m */,
				54CDFF556C220AF8BCA4B8AA /* TPNSExtensionLib */,
			);
			path = TPNSService;
			sourceTree = "<group>";
		};
		54CDFF556C220AF8BCA4B8AA /* TPNSExtensionLib */ = {
			isa = PBXGroup;
			children = (
				6362B691BEB1D9049123E57F /* XGExtension.h */,
				5EC359C4EAFE66DFC29B8B17 /* libXGExtension.a */,
			);
			path = TPNSExtensionLib;
			sourceTree = "<group>";
		};
		FE2357A325C7ACA4008C8280 /* ScPoc */ = {
			isa = PBXGroup;
			children = (
				FE4B4C5925F5F7D300409335 /* ScPoc.xcframework */,
			);
			path = ScPoc;
			sourceTree = "<group>";
		};
		FE2358F925CF86D9008C8280 /* Category */ = {
			isa = PBXGroup;
			children = (
				FE2358FA25CF8996008C8280 /* UIView+Toast.h */,
				FE2358FB25CF8996008C8280 /* UIView+Toast.m */,
			);
			path = Category;
			sourceTree = "<group>";
		};
		FE7FBA392596E63800AB45FD /* Views */ = {
			isa = PBXGroup;
			children = (
				FED31A36262051C300E82B52 /* AudioMeetingCollectionViewCell.h */,
				FED31A37262051C300E82B52 /* AudioMeetingCollectionViewCell.m */,
				FEA3EB2F2621EFCC00873539 /* VideoMeetingCollectionViewCell.h */,
				FEA3EB302621EFCC00873539 /* VideoMeetingCollectionViewCell.m */,
			);
			path = Views;
			sourceTree = "<group>";
		};
		FE7FBA452597224C00AB45FD /* Utils */ = {
			isa = PBXGroup;
			children = (
				FE7FBA462597229D00AB45FD /* ReactiveView.h */,
				FE2358B725CA9594008C8280 /* CallUtil.h */,
				FE2358B825CA9594008C8280 /* CallUtil.m */,
			);
			path = Utils;
			sourceTree = "<group>";
		};
		FE7FBA472597273600AB45FD /* Controllers */ = {
			isa = PBXGroup;
			children = (
				FE2357E425C7FEC4008C8280 /* BaseViewController.h */,
				FE2357E525C7FEC4008C8280 /* BaseViewController.m */,
				FE2357EA25C80037008C8280 /* AudioCallViewController.h */,
				FE2357EB25C80037008C8280 /* AudioCallViewController.m */,
				FE2358C225CCDE41008C8280 /* AudioCallViewController.xib */,
				FE2358C725CE6CA7008C8280 /* VideoCallViewController.h */,
				FE2358C825CE6CA8008C8280 /* VideoCallViewController.m */,
				FE50798C25FEF6850013FFCB /* LoginViewController.h */,
				FE50798D25FEF6850013FFCB /* LoginViewController.m */,
				FE999C4B2602EF04003F2239 /* FaceLoginViewController.h */,
				FE999C4C2602EF04003F2239 /* FaceLoginViewController.m */,
				FEB4FBF82615A65B000C242C /* WebViewController.h */,
				FEB4FBF92615A65B000C242C /* WebViewController.m */,
				FEB4FBFB261C460E000C242C /* AudioMeetingViewController.h */,
				FEB4FBFC261C460E000C242C /* AudioMeetingViewController.m */,
				FED31A21262037C500E82B52 /* VideoMeetingViewController.h */,
				FED31A22262037C500E82B52 /* VideoMeetingViewController.m */,
			);
			path = Controllers;
			sourceTree = "<group>";
		};
		FE7FBA4C2597278E00AB45FD /* Models */ = {
			isa = PBXGroup;
			children = (
				FE7FBA50259727D500AB45FD /* ConversationModel.h */,
				FED31A242620413B00E82B52 /* MeetingMember.h */,
				FED31A252620413C00E82B52 /* MeetingMember.m */,
				FE7FBA51259727D500AB45FD /* ConversationModel.m */,
				FE999C4F26083C6C003F2239 /* UserModel.h */,
				FE999C5026083C6C003F2239 /* UserModel.m */,
				FED31A392621529200E82B52 /* MeetingModel.h */,
				FED31A3A2621529200E82B52 /* MeetingModel.m */,
			);
			path = Models;
			sourceTree = "<group>";
		};
		FE7FBDDB259ACEA400AB45FD /* Debug */ = {
			isa = PBXGroup;
			children = (
				FE7FBDDC259ACEC100AB45FD /* GenerateTestUserSig.h */,
				FE7FBDDD259ACEC100AB45FD /* GenerateTestUserSig.m */,
			);
			path = Debug;
			sourceTree = "<group>";
		};
		FE94951426088DC1004D2327 /* manager */ = {
			isa = PBXGroup;
			children = (
				FE94951526088DE8004D2327 /* HttpManager.h */,
				FE94951626088DE8004D2327 /* HttpManager.m */,
			);
			path = manager;
			sourceTree = "<group>";
		};
/* End PBXGroup section */

/* Begin PBXNativeTarget section */
		150C8C73229CCFE1004E9B1C /* yzExpoIOS */ = {
			isa = PBXNativeTarget;
			buildConfigurationList = 150C8CA0229CCFE3004E9B1C /* Build configuration list for PBXNativeTarget "yzExpoIOS" */;
			buildPhases = (
				E7598147F8D556BC469BA7DF /* [CP] Check Pods Manifest.lock */,
				150C8C70229CCFE1004E9B1C /* Sources */,
				150C8C71229CCFE1004E9B1C /* Frameworks */,
				150C8C72229CCFE1004E9B1C /* Resources */,
				887C44755A2AEE12CD6C0A54 /* [CP] Embed Pods Frameworks */,
				FE999C43260098E5003F2239 /* Embed Frameworks */,
			);
			buildRules = (
			);
			dependencies = (
			);
			name = yzExpoIOS;
			productName = ImoocHybridIOSNative;
			productReference = 150C8C74229CCFE1004E9B1C /* 扬州世园会.app */;
			productType = "com.apple.product-type.application";
		};
/* End PBXNativeTarget section */

/* Begin PBXProject section */
		150C8C6C229CCFE0004E9B1C /* Project object */ = {
			isa = PBXProject;
			attributes = {
				LastUpgradeCheck = 1230;
				ORGANIZATIONNAME = DATA;
				TargetAttributes = {
					150C8C73229CCFE1004E9B1C = {
						CreatedOnToolsVersion = 10.1;
					};
				};
			};
			buildConfigurationList = 150C8C6F229CCFE0004E9B1C /* Build configuration list for PBXProject "yzExpoIOS" */;
			compatibilityVersion = "Xcode 9.3";
			developmentRegion = en;
			hasScannedForEncodings = 0;
			knownRegions = (
				en,
				Base,
			);
			mainGroup = 150C8C6B229CCFE0004E9B1C;
			productRefGroup = 150C8C75229CCFE1004E9B1C /* Products */;
			projectDirPath = "";
			projectRoot = "";
			targets = (
				150C8C73229CCFE1004E9B1C /* yzExpoIOS */,
			);
		};
/* End PBXProject section */

/* Begin PBXResourcesBuildPhase section */
		150C8C72229CCFE1004E9B1C /* Resources */ = {
			isa = PBXResourcesBuildPhase;
			buildActionMask = 2147483647;
			files = (
				FE2358C325CCDE41008C8280 /* AudioCallViewController.xib in Resources */,
				150C8C81229CCFE3004E9B1C /* Assets.xcassets in Resources */,
				150C8C7F229CCFE1004E9B1C /* Main.storyboard in Resources */,
			);
			runOnlyForDeploymentPostprocessing = 0;
		};
/* End PBXResourcesBuildPhase section */

/* Begin PBXShellScriptBuildPhase section */
		887C44755A2AEE12CD6C0A54 /* [CP] Embed Pods Frameworks */ = {
			isa = PBXShellScriptBuildPhase;
			buildActionMask = 2147483647;
			files = (
			);
			inputFileListPaths = (
			);
			name = "[CP] Embed Pods Frameworks";
			outputFileListPaths = (
			);
			runOnlyForDeploymentPostprocessing = 0;
			shellPath = /bin/sh;
			shellScript = "\"${PODS_ROOT}/Target Support Files/Pods-yzExpoIOS/Pods-yzExpoIOS-frameworks.sh\"\n";
		};
		E7598147F8D556BC469BA7DF /* [CP] Check Pods Manifest.lock */ = {
			isa = PBXShellScriptBuildPhase;
			buildActionMask = 2147483647;
			files = (
			);
			inputFileListPaths = (
			);
			inputPaths = (
				"${PODS_PODFILE_DIR_PATH}/Podfile.lock",
				"${PODS_ROOT}/Manifest.lock",
			);
			name = "[CP] Check Pods Manifest.lock";
			outputFileListPaths = (
			);
			outputPaths = (
				"$(DERIVED_FILE_DIR)/Pods-yzExpoIOS-checkManifestLockResult.txt",
			);
			runOnlyForDeploymentPostprocessing = 0;
			shellPath = /bin/sh;
			shellScript = "diff \"${PODS_PODFILE_DIR_PATH}/Podfile.lock\" \"${PODS_ROOT}/Manifest.lock\" > /dev/null\nif [ $? != 0 ] ; then\n    # print error to STDERR\n    echo \"error: The sandbox is not in sync with the Podfile.lock. Run 'pod install' or update your CocoaPods installation.\" >&2\n    exit 1\nfi\n# This output is used by Xcode 'outputs' to avoid re-running this script phase.\necho \"SUCCESS\" > \"${SCRIPT_OUTPUT_FILE_0}\"\n";
			showEnvVarsInLog = 0;
		};
/* End PBXShellScriptBuildPhase section */

/* Begin PBXSourcesBuildPhase section */
		150C8C70229CCFE1004E9B1C /* Sources */ = {
			isa = PBXSourcesBuildPhase;
			buildActionMask = 2147483647;
			files = (
				5FC66B5F2589E23200312A87 /* TabFirst.m in Sources */,
				FE2358C925CE6CA8008C8280 /* VideoCallViewController.m in Sources */,
				FE2358FC25CF8996008C8280 /* UIView+Toast.m in Sources */,
				5F508DD82592E449004A0D64 /* TabFourth.m in Sources */,
				FED31A23262037C500E82B52 /* VideoMeetingViewController.m in Sources */,
				150C8C7C229CCFE1004E9B1C /* ViewController.m in Sources */,
				150C8C87229CCFE3004E9B1C /* main.m in Sources */,
				FE94951726088DE8004D2327 /* HttpManager.m in Sources */,
				FE999C5126083C6D003F2239 /* UserModel.m in Sources */,
				5FC66B652589E26300312A87 /* TabThird.m in Sources */,
				FED31A38262051C300E82B52 /* AudioMeetingCollectionViewCell.m in Sources */,
				FED31A262620413C00E82B52 /* MeetingMember.m in Sources */,
				FEA3EB312621EFCC00873539 /* VideoMeetingCollectionViewCell.m in Sources */,
				FE2357ED25C80037008C8280 /* AudioCallViewController.m in Sources */,
				FE7FBA52259727D500AB45FD /* ConversationModel.m in Sources */,
				FE2357E625C7FEC4008C8280 /* BaseViewController.m in Sources */,
				FE999C4D2602EF04003F2239 /* FaceLoginViewController.m in Sources */,
				FEB4FBFD261C460E000C242C /* AudioMeetingViewController.m in Sources */,
				FED31A3B2621529200E82B52 /* MeetingModel.m in Sources */,
				FEB4FBFA2615A65B000C242C /* WebViewController.m in Sources */,
				FE2358B925CA9594008C8280 /* CallUtil.m in Sources */,
				5FC66B622589E24B00312A87 /* TabSecond.m in Sources */,
				150C8C79229CCFE1004E9B1C /* AppDelegate.m in Sources */,
				FE50798E25FEF6850013FFCB /* LoginViewController.m in Sources */,
			);
			runOnlyForDeploymentPostprocessing = 0;
		};
/* End PBXSourcesBuildPhase section */

/* Begin PBXVariantGroup section */
		150C8C7D229CCFE1004E9B1C /* Main.storyboard */ = {
			isa = PBXVariantGroup;
			children = (
				150C8C7E229CCFE1004E9B1C /* Base */,
			);
			name = Main.storyboard;
			sourceTree = "<group>";
		};
/* End PBXVariantGroup section */

/* Begin XCBuildConfiguration section */
		150C8C9F229CCFE3004E9B1C /* Release */ = {
			isa = XCBuildConfiguration;
			buildSettings = {
				ALWAYS_SEARCH_USER_PATHS = NO;
				CLANG_ANALYZER_NONNULL = YES;
				CLANG_ANALYZER_NUMBER_OBJECT_CONVERSION = YES_AGGRESSIVE;
				CLANG_CXX_LANGUAGE_STANDARD = "gnu++14";
				CLANG_CXX_LIBRARY = "libc++";
				CLANG_ENABLE_MODULES = YES;
				CLANG_ENABLE_OBJC_ARC = YES;
				CLANG_ENABLE_OBJC_WEAK = YES;
				CLANG_WARN_BLOCK_CAPTURE_AUTORELEASING = YES;
				CLANG_WARN_BOOL_CONVERSION = YES;
				CLANG_WARN_COMMA = YES;
				CLANG_WARN_CONSTANT_CONVERSION = YES;
				CLANG_WARN_DEPRECATED_OBJC_IMPLEMENTATIONS = YES;
				CLANG_WARN_DIRECT_OBJC_ISA_USAGE = YES_ERROR;
				CLANG_WARN_DOCUMENTATION_COMMENTS = YES;
				CLANG_WARN_EMPTY_BODY = YES;
				CLANG_WARN_ENUM_CONVERSION = YES;
				CLANG_WARN_INFINITE_RECURSION = YES;
				CLANG_WARN_INT_CONVERSION = YES;
				CLANG_WARN_NON_LITERAL_NULL_CONVERSION = YES;
				CLANG_WARN_OBJC_IMPLICIT_RETAIN_SELF = YES;
				CLANG_WARN_OBJC_LITERAL_CONVERSION = YES;
				CLANG_WARN_OBJC_ROOT_CLASS = YES_ERROR;
				CLANG_WARN_QUOTED_INCLUDE_IN_FRAMEWORK_HEADER = YES;
				CLANG_WARN_RANGE_LOOP_ANALYSIS = YES;
				CLANG_WARN_STRICT_PROTOTYPES = YES;
				CLANG_WARN_SUSPICIOUS_MOVE = YES;
				CLANG_WARN_UNGUARDED_AVAILABILITY = YES_AGGRESSIVE;
				CLANG_WARN_UNREACHABLE_CODE = YES;
				CLANG_WARN__DUPLICATE_METHOD_MATCH = YES;
				CODE_SIGN_IDENTITY = "iPhone Developer";
				COPY_PHASE_STRIP = NO;
				DEBUG_INFORMATION_FORMAT = "dwarf-with-dsym";
				ENABLE_NS_ASSERTIONS = NO;
				ENABLE_STRICT_OBJC_MSGSEND = YES;
				FRAMEWORK_SEARCH_PATHS = "$(inherited)";
				GCC_C_LANGUAGE_STANDARD = gnu11;
				GCC_NO_COMMON_BLOCKS = YES;
				GCC_WARN_64_TO_32_BIT_CONVERSION = YES;
				GCC_WARN_ABOUT_RETURN_TYPE = YES_ERROR;
				GCC_WARN_UNDECLARED_SELECTOR = YES;
				GCC_WARN_UNINITIALIZED_AUTOS = YES_AGGRESSIVE;
				GCC_WARN_UNUSED_FUNCTION = YES;
				GCC_WARN_UNUSED_VARIABLE = YES;
				HEADER_SEARCH_PATHS = "$(inherited)";
				IPHONEOS_DEPLOYMENT_TARGET = 12.0;
				LIBRARY_SEARCH_PATHS = "$(inherited)";
				MTL_ENABLE_DEBUG_INFO = NO;
				MTL_FAST_MATH = YES;
				ONLY_ACTIVE_ARCH = NO;
				OTHER_LDFLAGS = "$(inherited)";
				SDKROOT = iphoneos;
				VALIDATE_PRODUCT = YES;
			};
			name = Release;
		};
		150C8CA2229CCFE3004E9B1C /* Release */ = {
			isa = XCBuildConfiguration;
			baseConfigurationReference = C1C4BD8592D7378F2E50805E /* Pods-yzExpoIOS.release.xcconfig */;
			buildSettings = {
				ASSETCATALOG_COMPILER_APPICON_NAME = AppIcon;
				ASSETCATALOG_COMPILER_LAUNCHIMAGE_NAME = LaunchImage;
				CLANG_ALLOW_NON_MODULAR_INCLUDES_IN_FRAMEWORK_MODULES = NO;
				CODE_SIGN_ENTITLEMENTS = yzExpoIOS/yzExpoIOS.entitlements;
				CODE_SIGN_IDENTITY = "iPhone Distribution: Yangzhou Yuanbo Investment Development Co., Ltd. (KZW9D97FJ7)";
				CODE_SIGN_STYLE = Manual;
				CURRENT_PROJECT_VERSION = 3;
				DEVELOPMENT_TEAM = KZW9D97FJ7;
				ENABLE_BITCODE = NO;
				EXCLUDED_ARCHS = "";
				FRAMEWORK_SEARCH_PATHS = (
					"$(inherited)",
					"$(SRCROOT)",
					"$(PROJECT_DIR)",
					"$(PROJECT_DIR)/ScPoc",
					"$(PROJECT_DIR)/TPNS/InAppMessage",
					"$(PROJECT_DIR)/TPNS",
				);
				HEADER_SEARCH_PATHS = (
					"$(inherited)",
					"$(SRCROOT)/Pods/Headers/Private",
					"$(SRCROOT)/Pods/Headers/Public",
				);
				INFOPLIST_FILE = yzExpoIOS/Info.plist;
				IPHONEOS_DEPLOYMENT_TARGET = 12.0;
				LD_RUNPATH_SEARCH_PATHS = (
					"$(inherited)",
					"@executable_path/Frameworks",
				);
				LIBRARY_SEARCH_PATHS = (
					"$(inherited)",
					"$(PROJECT_DIR)/TPNS",
				);
				MARKETING_VERSION = 1.2;
				ONLY_ACTIVE_ARCH = YES;
				OTHER_CPLUSPLUSFLAGS = "$(OTHER_CFLAGS)";
				OTHER_LDFLAGS = (
					"-ObjC",
					"$(inherited)",
				);
				PRODUCT_BUNDLE_IDENTIFIER = com.data.yzExpo;
				PRODUCT_NAME = "扬州世园会";
				PROVISIONING_PROFILE_SPECIFIER = yzExpo;
				REEXPORTED_LIBRARY_PATHS = "";
				SUPPORTS_MACCATALYST = NO;
				TARGETED_DEVICE_FAMILY = 1;
				VALIDATE_WORKSPACE = YES;
			};
			name = Release;
		};
/* End XCBuildConfiguration section */

/* Begin XCConfigurationList section */
		150C8C6F229CCFE0004E9B1C /* Build configuration list for PBXProject "yzExpoIOS" */ = {
			isa = XCConfigurationList;
			buildConfigurations = (
				150C8C9F229CCFE3004E9B1C /* Release */,
			);
			defaultConfigurationIsVisible = 0;
			defaultConfigurationName = Release;
		};
		150C8CA0229CCFE3004E9B1C /* Build configuration list for PBXNativeTarget "yzExpoIOS" */ = {
			isa = XCConfigurationList;
			buildConfigurations = (
				150C8CA2229CCFE3004E9B1C /* Release */,
			);
			defaultConfigurationIsVisible = 0;
			defaultConfigurationName = Release;
		};
/* End XCConfigurationList section */
	};
	rootObject = 150C8C6C229CCFE0004E9B1C /* Project object */;
}
